// !$*UTF8*$!
{
	archiveVersion = 1;
	classes = {
	};
	objectVersion = 56;
	objects = {

/* Begin PBXBuildFile section */
		42D6800B2BC268550087B90C /* AppDelegate.swift in Sources */ = {isa = PBXBuildFile; fileRef = 42D6800A2BC268550087B90C /* AppDelegate.swift */; };
		42D6800D2BC268550087B90C /* SceneDelegate.swift in Sources */ = {isa = PBXBuildFile; fileRef = 42D6800C2BC268550087B90C /* SceneDelegate.swift */; };
		42D6800F2BC268550087B90C /* ViewController.swift in Sources */ = {isa = PBXBuildFile; fileRef = 42D6800E2BC268550087B90C /* ViewController.swift */; };
		42D680142BC268570087B90C /* Assets.xcassets in Resources */ = {isa = PBXBuildFile; fileRef = 42D680132BC268570087B90C /* Assets.xcassets */; };
		42D680172BC268570087B90C /* Base in Resources */ = {isa = PBXBuildFile; fileRef = 42D680162BC268570087B90C /* Base */; };
		42D6801F2BC269490087B90C /* MainTabBarController.swift in Sources */ = {isa = PBXBuildFile; fileRef = 42D6801E2BC269490087B90C /* MainTabBarController.swift */; };
		42D680232BC26A3F0087B90C /* TodayViewController.swift in Sources */ = {isa = PBXBuildFile; fileRef = 42D680222BC26A3F0087B90C /* TodayViewController.swift */; };
		42D680252BC26A470087B90C /* GameViewController.swift in Sources */ = {isa = PBXBuildFile; fileRef = 42D680242BC26A470087B90C /* GameViewController.swift */; };
		42D680272BC26A4E0087B90C /* AppViewController.swift in Sources */ = {isa = PBXBuildFile; fileRef = 42D680262BC26A4E0087B90C /* AppViewController.swift */; };
		42D680292BC26A550087B90C /* ArcadeViewController.swift in Sources */ = {isa = PBXBuildFile; fileRef = 42D680282BC26A550087B90C /* ArcadeViewController.swift */; };
		42D6802B2BC26A5A0087B90C /* SearchViewController.swift in Sources */ = {isa = PBXBuildFile; fileRef = 42D6802A2BC26A5A0087B90C /* SearchViewController.swift */; };
		42D6802E2BC26A760087B90C /* BaseViewController.swift in Sources */ = {isa = PBXBuildFile; fileRef = 42D6802D2BC26A760087B90C /* BaseViewController.swift */; };
		42D680302BC26AC50087B90C /* BaseView.swift in Sources */ = {isa = PBXBuildFile; fileRef = 42D6802F2BC26AC50087B90C /* BaseView.swift */; };
		42D680322BC26F6E0087B90C /* SearchView.swift in Sources */ = {isa = PBXBuildFile; fileRef = 42D680312BC26F6E0087B90C /* SearchView.swift */; };
		42D680352BC26F920087B90C /* SnapKit in Frameworks */ = {isa = PBXBuildFile; productRef = 42D680342BC26F920087B90C /* SnapKit */; };
		42D680382BC26FA50087B90C /* RxCocoa in Frameworks */ = {isa = PBXBuildFile; productRef = 42D680372BC26FA50087B90C /* RxCocoa */; };
		42D6803A2BC26FA50087B90C /* RxRelay in Frameworks */ = {isa = PBXBuildFile; productRef = 42D680392BC26FA50087B90C /* RxRelay */; };
		42D6803C2BC26FA50087B90C /* RxSwift in Frameworks */ = {isa = PBXBuildFile; productRef = 42D6803B2BC26FA50087B90C /* RxSwift */; };
		42D6803F2BC26FB00087B90C /* Kingfisher in Frameworks */ = {isa = PBXBuildFile; productRef = 42D6803E2BC26FB00087B90C /* Kingfisher */; };
		42D680422BC26FBA0087B90C /* Alamofire in Frameworks */ = {isa = PBXBuildFile; productRef = 42D680412BC26FBA0087B90C /* Alamofire */; };
		42D680452BC26FE90087B90C /* SearchViewModel.swift in Sources */ = {isa = PBXBuildFile; fileRef = 42D680442BC26FE90087B90C /* SearchViewModel.swift */; };
		42D680472BC270DB0087B90C /* SearchedItemTableViewCell.swift in Sources */ = {isa = PBXBuildFile; fileRef = 42D680462BC270DB0087B90C /* SearchedItemTableViewCell.swift */; };
		42D6804A2BC27A060087B90C /* SearchManager.swift in Sources */ = {isa = PBXBuildFile; fileRef = 42D680492BC27A060087B90C /* SearchManager.swift */; };
		42D6804D2BC27BFC0087B90C /* AppInfo.swift in Sources */ = {isa = PBXBuildFile; fileRef = 42D6804C2BC27BFC0087B90C /* AppInfo.swift */; };
/* End PBXBuildFile section */

/* Begin PBXFileReference section */
		42D680072BC268550087B90C /* AppStorePractice.app */ = {isa = PBXFileReference; explicitFileType = wrapper.application; includeInIndex = 0; path = AppStorePractice.app; sourceTree = BUILT_PRODUCTS_DIR; };
		42D6800A2BC268550087B90C /* AppDelegate.swift */ = {isa = PBXFileReference; lastKnownFileType = sourcecode.swift; path = AppDelegate.swift; sourceTree = "<group>"; };
		42D6800C2BC268550087B90C /* SceneDelegate.swift */ = {isa = PBXFileReference; lastKnownFileType = sourcecode.swift; path = SceneDelegate.swift; sourceTree = "<group>"; };
		42D6800E2BC268550087B90C /* ViewController.swift */ = {isa = PBXFileReference; lastKnownFileType = sourcecode.swift; path = ViewController.swift; sourceTree = "<group>"; };
		42D680132BC268570087B90C /* Assets.xcassets */ = {isa = PBXFileReference; lastKnownFileType = folder.assetcatalog; path = Assets.xcassets; sourceTree = "<group>"; };
		42D680162BC268570087B90C /* Base */ = {isa = PBXFileReference; lastKnownFileType = file.storyboard; name = Base; path = Base.lproj/LaunchScreen.storyboard; sourceTree = "<group>"; };
		42D680182BC268570087B90C /* Info.plist */ = {isa = PBXFileReference; lastKnownFileType = text.plist.xml; path = Info.plist; sourceTree = "<group>"; };
		42D6801E2BC269490087B90C /* MainTabBarController.swift */ = {isa = PBXFileReference; lastKnownFileType = sourcecode.swift; path = MainTabBarController.swift; sourceTree = "<group>"; };
		42D680222BC26A3F0087B90C /* TodayViewController.swift */ = {isa = PBXFileReference; lastKnownFileType = sourcecode.swift; path = TodayViewController.swift; sourceTree = "<group>"; };
		42D680242BC26A470087B90C /* GameViewController.swift */ = {isa = PBXFileReference; lastKnownFileType = sourcecode.swift; path = GameViewController.swift; sourceTree = "<group>"; };
		42D680262BC26A4E0087B90C /* AppViewController.swift */ = {isa = PBXFileReference; lastKnownFileType = sourcecode.swift; path = AppViewController.swift; sourceTree = "<group>"; };
		42D680282BC26A550087B90C /* ArcadeViewController.swift */ = {isa = PBXFileReference; lastKnownFileType = sourcecode.swift; path = ArcadeViewController.swift; sourceTree = "<group>"; };
		42D6802A2BC26A5A0087B90C /* SearchViewController.swift */ = {isa = PBXFileReference; lastKnownFileType = sourcecode.swift; path = SearchViewController.swift; sourceTree = "<group>"; };
		42D6802D2BC26A760087B90C /* BaseViewController.swift */ = {isa = PBXFileReference; lastKnownFileType = sourcecode.swift; path = BaseViewController.swift; sourceTree = "<group>"; };
		42D6802F2BC26AC50087B90C /* BaseView.swift */ = {isa = PBXFileReference; lastKnownFileType = sourcecode.swift; path = BaseView.swift; sourceTree = "<group>"; };
		42D680312BC26F6E0087B90C /* SearchView.swift */ = {isa = PBXFileReference; lastKnownFileType = sourcecode.swift; path = SearchView.swift; sourceTree = "<group>"; };
		42D680442BC26FE90087B90C /* SearchViewModel.swift */ = {isa = PBXFileReference; lastKnownFileType = sourcecode.swift; path = SearchViewModel.swift; sourceTree = "<group>"; };
		42D680462BC270DB0087B90C /* SearchedItemTableViewCell.swift */ = {isa = PBXFileReference; lastKnownFileType = sourcecode.swift; path = SearchedItemTableViewCell.swift; sourceTree = "<group>"; };
		42D680492BC27A060087B90C /* SearchManager.swift */ = {isa = PBXFileReference; lastKnownFileType = sourcecode.swift; path = SearchManager.swift; sourceTree = "<group>"; };
		42D6804C2BC27BFC0087B90C /* AppInfo.swift */ = {isa = PBXFileReference; lastKnownFileType = sourcecode.swift; path = AppInfo.swift; sourceTree = "<group>"; };
/* End PBXFileReference section */

/* Begin PBXFrameworksBuildPhase section */
		42D680042BC268550087B90C /* Frameworks */ = {
			isa = PBXFrameworksBuildPhase;
			buildActionMask = 2147483647;
			files = (
				42D6803A2BC26FA50087B90C /* RxRelay in Frameworks */,
				42D680382BC26FA50087B90C /* RxCocoa in Frameworks */,
				42D6803C2BC26FA50087B90C /* RxSwift in Frameworks */,
				42D680422BC26FBA0087B90C /* Alamofire in Frameworks */,
				42D680352BC26F920087B90C /* SnapKit in Frameworks */,
				42D6803F2BC26FB00087B90C /* Kingfisher in Frameworks */,
			);
			runOnlyForDeploymentPostprocessing = 0;
		};
/* End PBXFrameworksBuildPhase section */

/* Begin PBXGroup section */
		42D67FFE2BC268550087B90C = {
			isa = PBXGroup;
			children = (
				42D680092BC268550087B90C /* AppStorePractice */,
				42D680082BC268550087B90C /* Products */,
			);
			sourceTree = "<group>";
		};
		42D680082BC268550087B90C /* Products */ = {
			isa = PBXGroup;
			children = (
				42D680072BC268550087B90C /* AppStorePractice.app */,
			);
			name = Products;
			sourceTree = "<group>";
		};
		42D680092BC268550087B90C /* AppStorePractice */ = {
			isa = PBXGroup;
			children = (
				42D6804B2BC27B790087B90C /* Model */,
				42D680482BC278A10087B90C /* Network */,
				42D6802C2BC26A690087B90C /* BaseView */,
				42D680212BC26A2D0087B90C /* View */,
				42D680432BC26FCA0087B90C /* SearchView */,
				42D680202BC26A230087B90C /* TabBar */,
				42D6800A2BC268550087B90C /* AppDelegate.swift */,
				42D6800C2BC268550087B90C /* SceneDelegate.swift */,
				42D6800E2BC268550087B90C /* ViewController.swift */,
				42D680132BC268570087B90C /* Assets.xcassets */,
				42D680152BC268570087B90C /* LaunchScreen.storyboard */,
				42D680182BC268570087B90C /* Info.plist */,
			);
			path = AppStorePractice;
			sourceTree = "<group>";
		};
		42D680202BC26A230087B90C /* TabBar */ = {
			isa = PBXGroup;
			children = (
				42D6801E2BC269490087B90C /* MainTabBarController.swift */,
			);
			path = TabBar;
			sourceTree = "<group>";
		};
		42D680212BC26A2D0087B90C /* View */ = {
			isa = PBXGroup;
			children = (
				42D680222BC26A3F0087B90C /* TodayViewController.swift */,
				42D680242BC26A470087B90C /* GameViewController.swift */,
				42D680262BC26A4E0087B90C /* AppViewController.swift */,
				42D680282BC26A550087B90C /* ArcadeViewController.swift */,
			);
			path = View;
			sourceTree = "<group>";
		};
		42D6802C2BC26A690087B90C /* BaseView */ = {
			isa = PBXGroup;
			children = (
				42D6802D2BC26A760087B90C /* BaseViewController.swift */,
				42D6802F2BC26AC50087B90C /* BaseView.swift */,
			);
			path = BaseView;
			sourceTree = "<group>";
		};
		42D680432BC26FCA0087B90C /* SearchView */ = {
			isa = PBXGroup;
			children = (
				42D6802A2BC26A5A0087B90C /* SearchViewController.swift */,
				42D680312BC26F6E0087B90C /* SearchView.swift */,
				42D680442BC26FE90087B90C /* SearchViewModel.swift */,
				42D680462BC270DB0087B90C /* SearchedItemTableViewCell.swift */,
			);
			path = SearchView;
			sourceTree = "<group>";
		};
		42D680482BC278A10087B90C /* Network */ = {
			isa = PBXGroup;
			children = (
				42D680492BC27A060087B90C /* SearchManager.swift */,
			);
			path = Network;
			sourceTree = "<group>";
		};
		42D6804B2BC27B790087B90C /* Model */ = {
			isa = PBXGroup;
			children = (
				42D6804C2BC27BFC0087B90C /* AppInfo.swift */,
			);
			path = Model;
			sourceTree = "<group>";
		};
/* End PBXGroup section */

/* Begin PBXNativeTarget section */
		42D680062BC268550087B90C /* AppStorePractice */ = {
			isa = PBXNativeTarget;
			buildConfigurationList = 42D6801B2BC268570087B90C /* Build configuration list for PBXNativeTarget "AppStorePractice" */;
			buildPhases = (
				42D680032BC268550087B90C /* Sources */,
				42D680042BC268550087B90C /* Frameworks */,
				42D680052BC268550087B90C /* Resources */,
			);
			buildRules = (
			);
			dependencies = (
			);
			name = AppStorePractice;
			packageProductDependencies = (
				42D680342BC26F920087B90C /* SnapKit */,
				42D680372BC26FA50087B90C /* RxCocoa */,
				42D680392BC26FA50087B90C /* RxRelay */,
				42D6803B2BC26FA50087B90C /* RxSwift */,
				42D6803E2BC26FB00087B90C /* Kingfisher */,
				42D680412BC26FBA0087B90C /* Alamofire */,
			);
			productName = AppStorePractice;
			productReference = 42D680072BC268550087B90C /* AppStorePractice.app */;
			productType = "com.apple.product-type.application";
		};
/* End PBXNativeTarget section */

/* Begin PBXProject section */
		42D67FFF2BC268550087B90C /* Project object */ = {
			isa = PBXProject;
			attributes = {
				BuildIndependentTargetsInParallel = 1;
				LastSwiftUpdateCheck = 1530;
				LastUpgradeCheck = 1530;
				TargetAttributes = {
					42D680062BC268550087B90C = {
						CreatedOnToolsVersion = 15.3;
					};
				};
			};
			buildConfigurationList = 42D680022BC268550087B90C /* Build configuration list for PBXProject "AppStorePractice" */;
			compatibilityVersion = "Xcode 14.0";
			developmentRegion = en;
			hasScannedForEncodings = 0;
			knownRegions = (
				en,
				Base,
			);
			mainGroup = 42D67FFE2BC268550087B90C;
			packageReferences = (
				42D680332BC26F920087B90C /* XCRemoteSwiftPackageReference "SnapKit" */,
				42D680362BC26FA50087B90C /* XCRemoteSwiftPackageReference "RxSwift" */,
				42D6803D2BC26FB00087B90C /* XCRemoteSwiftPackageReference "Kingfisher" */,
				42D680402BC26FBA0087B90C /* XCRemoteSwiftPackageReference "Alamofire" */,
			);
			productRefGroup = 42D680082BC268550087B90C /* Products */;
			projectDirPath = "";
			projectRoot = "";
			targets = (
				42D680062BC268550087B90C /* AppStorePractice */,
			);
		};
/* End PBXProject section */

/* Begin PBXResourcesBuildPhase section */
		42D680052BC268550087B90C /* Resources */ = {
			isa = PBXResourcesBuildPhase;
			buildActionMask = 2147483647;
			files = (
				42D680142BC268570087B90C /* Assets.xcassets in Resources */,
				42D680172BC268570087B90C /* Base in Resources */,
			);
			runOnlyForDeploymentPostprocessing = 0;
		};
/* End PBXResourcesBuildPhase section */

/* Begin PBXSourcesBuildPhase section */
		42D680032BC268550087B90C /* Sources */ = {
			isa = PBXSourcesBuildPhase;
			buildActionMask = 2147483647;
			files = (
				42D6800F2BC268550087B90C /* ViewController.swift in Sources */,
				42D6800B2BC268550087B90C /* AppDelegate.swift in Sources */,
				42D680232BC26A3F0087B90C /* TodayViewController.swift in Sources */,
				42D6802B2BC26A5A0087B90C /* SearchViewController.swift in Sources */,
				42D680322BC26F6E0087B90C /* SearchView.swift in Sources */,
				42D6804D2BC27BFC0087B90C /* AppInfo.swift in Sources */,
				42D680452BC26FE90087B90C /* SearchViewModel.swift in Sources */,
				42D6801F2BC269490087B90C /* MainTabBarController.swift in Sources */,
				42D6802E2BC26A760087B90C /* BaseViewController.swift in Sources */,
				42D680292BC26A550087B90C /* ArcadeViewController.swift in Sources */,
				42D680272BC26A4E0087B90C /* AppViewController.swift in Sources */,
				42D680252BC26A470087B90C /* GameViewController.swift in Sources */,
				42D680302BC26AC50087B90C /* BaseView.swift in Sources */,
				42D6804A2BC27A060087B90C /* SearchManager.swift in Sources */,
				42D6800D2BC268550087B90C /* SceneDelegate.swift in Sources */,
				42D680472BC270DB0087B90C /* SearchedItemTableViewCell.swift in Sources */,
			);
			runOnlyForDeploymentPostprocessing = 0;
		};
/* End PBXSourcesBuildPhase section */

/* Begin PBXVariantGroup section */
		42D680152BC268570087B90C /* LaunchScreen.storyboard */ = {
			isa = PBXVariantGroup;
			children = (
				42D680162BC268570087B90C /* Base */,
			);
			name = LaunchScreen.storyboard;
			sourceTree = "<group>";
		};
/* End PBXVariantGroup section */

/* Begin XCBuildConfiguration section */
		42D680192BC268570087B90C /* Debug */ = {
			isa = XCBuildConfiguration;
			buildSettings = {
				ALWAYS_SEARCH_USER_PATHS = NO;
				ASSETCATALOG_COMPILER_GENERATE_SWIFT_ASSET_SYMBOL_EXTENSIONS = YES;
				CLANG_ANALYZER_NONNULL = YES;
				CLANG_ANALYZER_NUMBER_OBJECT_CONVERSION = YES_AGGRESSIVE;
				CLANG_CXX_LANGUAGE_STANDARD = "gnu++20";
				CLANG_ENABLE_MODULES = YES;
				CLANG_ENABLE_OBJC_ARC = YES;
				CLANG_ENABLE_OBJC_WEAK = YES;
				CLANG_WARN_BLOCK_CAPTURE_AUTORELEASING = YES;
				CLANG_WARN_BOOL_CONVERSION = YES;
				CLANG_WARN_COMMA = YES;
				CLANG_WARN_CONSTANT_CONVERSION = YES;
				CLANG_WARN_DEPRECATED_OBJC_IMPLEMENTATIONS = YES;
				CLANG_WARN_DIRECT_OBJC_ISA_USAGE = YES_ERROR;
				CLANG_WARN_DOCUMENTATION_COMMENTS = YES;
				CLANG_WARN_EMPTY_BODY = YES;
				CLANG_WARN_ENUM_CONVERSION = YES;
				CLANG_WARN_INFINITE_RECURSION = YES;
				CLANG_WARN_INT_CONVERSION = YES;
				CLANG_WARN_NON_LITERAL_NULL_CONVERSION = YES;
				CLANG_WARN_OBJC_IMPLICIT_RETAIN_SELF = YES;
				CLANG_WARN_OBJC_LITERAL_CONVERSION = YES;
				CLANG_WARN_OBJC_ROOT_CLASS = YES_ERROR;
				CLANG_WARN_QUOTED_INCLUDE_IN_FRAMEWORK_HEADER = YES;
				CLANG_WARN_RANGE_LOOP_ANALYSIS = YES;
				CLANG_WARN_STRICT_PROTOTYPES = YES;
				CLANG_WARN_SUSPICIOUS_MOVE = YES;
				CLANG_WARN_UNGUARDED_AVAILABILITY = YES_AGGRESSIVE;
				CLANG_WARN_UNREACHABLE_CODE = YES;
				CLANG_WARN__DUPLICATE_METHOD_MATCH = YES;
				COPY_PHASE_STRIP = NO;
				DEBUG_INFORMATION_FORMAT = dwarf;
				ENABLE_STRICT_OBJC_MSGSEND = YES;
				ENABLE_TESTABILITY = YES;
				ENABLE_USER_SCRIPT_SANDBOXING = YES;
				GCC_C_LANGUAGE_STANDARD = gnu17;
				GCC_DYNAMIC_NO_PIC = NO;
				GCC_NO_COMMON_BLOCKS = YES;
				GCC_OPTIMIZATION_LEVEL = 0;
				GCC_PREPROCESSOR_DEFINITIONS = (
					"DEBUG=1",
					"$(inherited)",
				);
				GCC_WARN_64_TO_32_BIT_CONVERSION = YES;
				GCC_WARN_ABOUT_RETURN_TYPE = YES_ERROR;
				GCC_WARN_UNDECLARED_SELECTOR = YES;
				GCC_WARN_UNINITIALIZED_AUTOS = YES_AGGRESSIVE;
				GCC_WARN_UNUSED_FUNCTION = YES;
				GCC_WARN_UNUSED_VARIABLE = YES;
				IPHONEOS_DEPLOYMENT_TARGET = 17.4;
				LOCALIZATION_PREFERS_STRING_CATALOGS = YES;
				MTL_ENABLE_DEBUG_INFO = INCLUDE_SOURCE;
				MTL_FAST_MATH = YES;
				ONLY_ACTIVE_ARCH = YES;
				SDKROOT = iphoneos;
				SWIFT_ACTIVE_COMPILATION_CONDITIONS = "DEBUG $(inherited)";
				SWIFT_OPTIMIZATION_LEVEL = "-Onone";
			};
			name = Debug;
		};
		42D6801A2BC268570087B90C /* Release */ = {
			isa = XCBuildConfiguration;
			buildSettings = {
				ALWAYS_SEARCH_USER_PATHS = NO;
				ASSETCATALOG_COMPILER_GENERATE_SWIFT_ASSET_SYMBOL_EXTENSIONS = YES;
				CLANG_ANALYZER_NONNULL = YES;
				CLANG_ANALYZER_NUMBER_OBJECT_CONVERSION = YES_AGGRESSIVE;
				CLANG_CXX_LANGUAGE_STANDARD = "gnu++20";
				CLANG_ENABLE_MODULES = YES;
				CLANG_ENABLE_OBJC_ARC = YES;
				CLANG_ENABLE_OBJC_WEAK = YES;
				CLANG_WARN_BLOCK_CAPTURE_AUTORELEASING = YES;
				CLANG_WARN_BOOL_CONVERSION = YES;
				CLANG_WARN_COMMA = YES;
				CLANG_WARN_CONSTANT_CONVERSION = YES;
				CLANG_WARN_DEPRECATED_OBJC_IMPLEMENTATIONS = YES;
				CLANG_WARN_DIRECT_OBJC_ISA_USAGE = YES_ERROR;
				CLANG_WARN_DOCUMENTATION_COMMENTS = YES;
				CLANG_WARN_EMPTY_BODY = YES;
				CLANG_WARN_ENUM_CONVERSION = YES;
				CLANG_WARN_INFINITE_RECURSION = YES;
				CLANG_WARN_INT_CONVERSION = YES;
				CLANG_WARN_NON_LITERAL_NULL_CONVERSION = YES;
				CLANG_WARN_OBJC_IMPLICIT_RETAIN_SELF = YES;
				CLANG_WARN_OBJC_LITERAL_CONVERSION = YES;
				CLANG_WARN_OBJC_ROOT_CLASS = YES_ERROR;
				CLANG_WARN_QUOTED_INCLUDE_IN_FRAMEWORK_HEADER = YES;
				CLANG_WARN_RANGE_LOOP_ANALYSIS = YES;
				CLANG_WARN_STRICT_PROTOTYPES = YES;
				CLANG_WARN_SUSPICIOUS_MOVE = YES;
				CLANG_WARN_UNGUARDED_AVAILABILITY = YES_AGGRESSIVE;
				CLANG_WARN_UNREACHABLE_CODE = YES;
				CLANG_WARN__DUPLICATE_METHOD_MATCH = YES;
				COPY_PHASE_STRIP = NO;
				DEBUG_INFORMATION_FORMAT = "dwarf-with-dsym";
				ENABLE_NS_ASSERTIONS = NO;
				ENABLE_STRICT_OBJC_MSGSEND = YES;
				ENABLE_USER_SCRIPT_SANDBOXING = YES;
				GCC_C_LANGUAGE_STANDARD = gnu17;
				GCC_NO_COMMON_BLOCKS = YES;
				GCC_WARN_64_TO_32_BIT_CONVERSION = YES;
				GCC_WARN_ABOUT_RETURN_TYPE = YES_ERROR;
				GCC_WARN_UNDECLARED_SELECTOR = YES;
				GCC_WARN_UNINITIALIZED_AUTOS = YES_AGGRESSIVE;
				GCC_WARN_UNUSED_FUNCTION = YES;
				GCC_WARN_UNUSED_VARIABLE = YES;
				IPHONEOS_DEPLOYMENT_TARGET = 17.4;
				LOCALIZATION_PREFERS_STRING_CATALOGS = YES;
				MTL_ENABLE_DEBUG_INFO = NO;
				MTL_FAST_MATH = YES;
				SDKROOT = iphoneos;
				SWIFT_COMPILATION_MODE = wholemodule;
				VALIDATE_PRODUCT = YES;
			};
			name = Release;
		};
		42D6801C2BC268570087B90C /* Debug */ = {
			isa = XCBuildConfiguration;
			buildSettings = {
				ASSETCATALOG_COMPILER_APPICON_NAME = AppIcon;
				ASSETCATALOG_COMPILER_GLOBAL_ACCENT_COLOR_NAME = AccentColor;
				CODE_SIGN_STYLE = Automatic;
				CURRENT_PROJECT_VERSION = 1;
				DEVELOPMENT_TEAM = HR74YJR7W4;
				GENERATE_INFOPLIST_FILE = YES;
				INFOPLIST_FILE = AppStorePractice/Info.plist;
				INFOPLIST_KEY_UIApplicationSupportsIndirectInputEvents = YES;
				INFOPLIST_KEY_UILaunchStoryboardName = LaunchScreen;
				INFOPLIST_KEY_UISupportedInterfaceOrientations = UIInterfaceOrientationPortrait;
				INFOPLIST_KEY_UISupportedInterfaceOrientations_iPad = "UIInterfaceOrientationLandscapeLeft UIInterfaceOrientationLandscapeRight UIInterfaceOrientationPortrait UIInterfaceOrientationPortraitUpsideDown";
				LD_RUNPATH_SEARCH_PATHS = (
					"$(inherited)",
					"@executable_path/Frameworks",
				);
				MARKETING_VERSION = 1.0;
				PRODUCT_BUNDLE_IDENTIFIER = com.greed.AppStorePractice;
				PRODUCT_NAME = "$(TARGET_NAME)";
				SUPPORTED_PLATFORMS = "iphoneos iphonesimulator";
				SUPPORTS_MACCATALYST = NO;
				SUPPORTS_MAC_DESIGNED_FOR_IPHONE_IPAD = NO;
				SUPPORTS_XR_DESIGNED_FOR_IPHONE_IPAD = NO;
				SWIFT_EMIT_LOC_STRINGS = YES;
				SWIFT_VERSION = 5.0;
				TARGETED_DEVICE_FAMILY = 1;
			};
			name = Debug;
		};
		42D6801D2BC268570087B90C /* Release */ = {
			isa = XCBuildConfiguration;
			buildSettings = {
				ASSETCATALOG_COMPILER_APPICON_NAME = AppIcon;
				ASSETCATALOG_COMPILER_GLOBAL_ACCENT_COLOR_NAME = AccentColor;
				CODE_SIGN_STYLE = Automatic;
				CURRENT_PROJECT_VERSION = 1;
				DEVELOPMENT_TEAM = HR74YJR7W4;
				GENERATE_INFOPLIST_FILE = YES;
				INFOPLIST_FILE = AppStorePractice/Info.plist;
				INFOPLIST_KEY_UIApplicationSupportsIndirectInputEvents = YES;
				INFOPLIST_KEY_UILaunchStoryboardName = LaunchScreen;
				INFOPLIST_KEY_UISupportedInterfaceOrientations = UIInterfaceOrientationPortrait;
				INFOPLIST_KEY_UISupportedInterfaceOrientations_iPad = "UIInterfaceOrientationLandscapeLeft UIInterfaceOrientationLandscapeRight UIInterfaceOrientationPortrait UIInterfaceOrientationPortraitUpsideDown";
				LD_RUNPATH_SEARCH_PATHS = (
					"$(inherited)",
					"@executable_path/Frameworks",
				);
				MARKETING_VERSION = 1.0;
				PRODUCT_BUNDLE_IDENTIFIER = com.greed.AppStorePractice;
				PRODUCT_NAME = "$(TARGET_NAME)";
				SUPPORTED_PLATFORMS = "iphoneos iphonesimulator";
				SUPPORTS_MACCATALYST = NO;
				SUPPORTS_MAC_DESIGNED_FOR_IPHONE_IPAD = NO;
				SUPPORTS_XR_DESIGNED_FOR_IPHONE_IPAD = NO;
				SWIFT_EMIT_LOC_STRINGS = YES;
				SWIFT_VERSION = 5.0;
				TARGETED_DEVICE_FAMILY = 1;
			};
			name = Release;
		};
/* End XCBuildConfiguration section */

/* Begin XCConfigurationList section */
		42D680022BC268550087B90C /* Build configuration list for PBXProject "AppStorePractice" */ = {
			isa = XCConfigurationList;
			buildConfigurations = (
				42D680192BC268570087B90C /* Debug */,
				42D6801A2BC268570087B90C /* Release */,
			);
			defaultConfigurationIsVisible = 0;
			defaultConfigurationName = Release;
		};
		42D6801B2BC268570087B90C /* Build configuration list for PBXNativeTarget "AppStorePractice" */ = {
			isa = XCConfigurationList;
			buildConfigurations = (
				42D6801C2BC268570087B90C /* Debug */,
				42D6801D2BC268570087B90C /* Release */,
			);
			defaultConfigurationIsVisible = 0;
			defaultConfigurationName = Release;
		};
/* End XCConfigurationList section */

/* Begin XCRemoteSwiftPackageReference section */
		42D680332BC26F920087B90C /* XCRemoteSwiftPackageReference "SnapKit" */ = {
			isa = XCRemoteSwiftPackageReference;
			repositoryURL = "https://github.com/SnapKit/SnapKit";
			requirement = {
				kind = upToNextMajorVersion;
				minimumVersion = 5.7.1;
			};
		};
		42D680362BC26FA50087B90C /* XCRemoteSwiftPackageReference "RxSwift" */ = {
			isa = XCRemoteSwiftPackageReference;
			repositoryURL = "https://github.com/ReactiveX/RxSwift.git";
			requirement = {
				kind = upToNextMajorVersion;
				minimumVersion = 6.6.0;
			};
		};
		42D6803D2BC26FB00087B90C /* XCRemoteSwiftPackageReference "Kingfisher" */ = {
			isa = XCRemoteSwiftPackageReference;
			repositoryURL = "https://github.com/onevcat/Kingfisher";
			requirement = {
				kind = upToNextMajorVersion;
				minimumVersion = 7.11.0;
			};
		};
		42D680402BC26FBA0087B90C /* XCRemoteSwiftPackageReference "Alamofire" */ = {
			isa = XCRemoteSwiftPackageReference;
			repositoryURL = "https://github.com/Alamofire/Alamofire.git";
			requirement = {
				kind = upToNextMajorVersion;
				minimumVersion = 5.9.1;
			};
		};
/* End XCRemoteSwiftPackageReference section */

/* Begin XCSwiftPackageProductDependency section */
		42D680342BC26F920087B90C /* SnapKit */ = {
			isa = XCSwiftPackageProductDependency;
			package = 42D680332BC26F920087B90C /* XCRemoteSwiftPackageReference "SnapKit" */;
			productName = SnapKit;
		};
		42D680372BC26FA50087B90C /* RxCocoa */ = {
			isa = XCSwiftPackageProductDependency;
			package = 42D680362BC26FA50087B90C /* XCRemoteSwiftPackageReference "RxSwift" */;
			productName = RxCocoa;
		};
		42D680392BC26FA50087B90C /* RxRelay */ = {
			isa = XCSwiftPackageProductDependency;
			package = 42D680362BC26FA50087B90C /* XCRemoteSwiftPackageReference "RxSwift" */;
			productName = RxRelay;
		};
		42D6803B2BC26FA50087B90C /* RxSwift */ = {
			isa = XCSwiftPackageProductDependency;
			package = 42D680362BC26FA50087B90C /* XCRemoteSwiftPackageReference "RxSwift" */;
			productName = RxSwift;
		};
		42D6803E2BC26FB00087B90C /* Kingfisher */ = {
			isa = XCSwiftPackageProductDependency;
			package = 42D6803D2BC26FB00087B90C /* XCRemoteSwiftPackageReference "Kingfisher" */;
			productName = Kingfisher;
		};
		42D680412BC26FBA0087B90C /* Alamofire */ = {
			isa = XCSwiftPackageProductDependency;
			package = 42D680402BC26FBA0087B90C /* XCRemoteSwiftPackageReference "Alamofire" */;
			productName = Alamofire;
		};
/* End XCSwiftPackageProductDependency section */
	};
	rootObject = 42D67FFF2BC268550087B90C /* Project object */;
}
